
Microsoft Visual Studio Solution File, Format Version 12.00
# Visual Studio Version 17
VisualStudioVersion = 17.7.34024.191
MinimumVisualStudioVersion = 10.0.40219.1
Project("{FAE04EC0-301F-11D3-BF4B-00C04F79EFBC}") = "AnimalClasses", "AnimalClasses\AnimalClasses.csproj", "{F6D8E02A-7036-4405-8C14-A11FAB5B702C}"
EndProject
Global
	GlobalSection(SolutionConfigurationPlatforms) = preSolution
		Debug|Any CPU = Debug|Any CPU
		Release|Any CPU = Release|Any CPU
	EndGlobalSection
	GlobalSection(ProjectConfigurationPlatforms) = postSolution
		{F6D8E02A-7036-4405-8C14-A11FAB5B702C}.Debug|Any CPU.ActiveCfg = Debug|Any CPU
		{F6D8E02A-7036-4405-8C14-A11FAB5B702C}.Debug|Any CPU.Build.0 = Debug|Any CPU
		{F6D8E02A-7036-4405-8C14-A11FAB5B702C}.Release|Any CPU.ActiveCfg = Release|Any CPU
		{F6D8E02A-7036-4405-8C14-A11FAB5B702C}.Release|Any CPU.Build.0 = Release|Any CPU
	EndGlobalSection
	GlobalSection(SolutionProperties) = preSolution
		HideSolutionNode = FALSE
	EndGlobalSection
	GlobalSection(ExtensibilityGlobals) = postSolution
		SolutionGuid = {F905586F-B028-47B4-8132-A05F77296B1E}
	EndGlobalSection
EndGlobal
